
Microsoft Visual Studio Solution File, Format Version 12.00
# Visual Studio 2012
Project("{FAE04EC0-301F-11D3-BF4B-00C04F79EFBC}") = "SQLServerBackupTool", "SQLServerBackupTool\SQLServerBackupTool.csproj", "{1BF900A5-9259-4339-9418-BE8A0A6EE843}"
EndProject
Project("{FAE04EC0-301F-11D3-BF4B-00C04F79EFBC}") = "SQLServerBackupTool.Lib", "SQLServerBackupTool.Lib\SQLServerBackupTool.Lib.csproj", "{92AE3E7A-D315-4F20-8256-28F0FBF3C2D6}"
EndProject
Project("{2150E333-8FDC-42A3-9474-1A3956D46DE8}") = ".nuget", ".nuget", "{8DA6DDAA-7E82-4F05-A652-DD400AC2F06B}"
	ProjectSection(SolutionItems) = preProject
		.nuget\NuGet.Config = .nuget\NuGet.Config
		.nuget\NuGet.exe = .nuget\NuGet.exe
	EndProjectSection
EndProject
Project("{FAE04EC0-301F-11D3-BF4B-00C04F79EFBC}") = "SQLServerBackupTool.Web", "SQLServerBackupTool.Web\SQLServerBackupTool.Web.csproj", "{7218D276-EB27-4EA0-B438-3EBEF906CDE4}"
EndProject
Global
	GlobalSection(SolutionConfigurationPlatforms) = preSolution
		Debug|Any CPU = Debug|Any CPU
		Release|Any CPU = Release|Any CPU
	EndGlobalSection
	GlobalSection(ProjectConfigurationPlatforms) = postSolution
		{1BF900A5-9259-4339-9418-BE8A0A6EE843}.Debug|Any CPU.ActiveCfg = Debug|Any CPU
		{1BF900A5-9259-4339-9418-BE8A0A6EE843}.Debug|Any CPU.Build.0 = Debug|Any CPU
		{1BF900A5-9259-4339-9418-BE8A0A6EE843}.Release|Any CPU.ActiveCfg = Release|Any CPU
		{1BF900A5-9259-4339-9418-BE8A0A6EE843}.Release|Any CPU.Build.0 = Release|Any CPU
		{92AE3E7A-D315-4F20-8256-28F0FBF3C2D6}.Debug|Any CPU.ActiveCfg = Debug|Any CPU
		{92AE3E7A-D315-4F20-8256-28F0FBF3C2D6}.Debug|Any CPU.Build.0 = Debug|Any CPU
		{92AE3E7A-D315-4F20-8256-28F0FBF3C2D6}.Release|Any CPU.ActiveCfg = Release|Any CPU
		{92AE3E7A-D315-4F20-8256-28F0FBF3C2D6}.Release|Any CPU.Build.0 = Release|Any CPU
		{7218D276-EB27-4EA0-B438-3EBEF906CDE4}.Debug|Any CPU.ActiveCfg = Debug|Any CPU
		{7218D276-EB27-4EA0-B438-3EBEF906CDE4}.Debug|Any CPU.Build.0 = Debug|Any CPU
		{7218D276-EB27-4EA0-B438-3EBEF906CDE4}.Release|Any CPU.ActiveCfg = Release|Any CPU
		{7218D276-EB27-4EA0-B438-3EBEF906CDE4}.Release|Any CPU.Build.0 = Release|Any CPU
	EndGlobalSection
	GlobalSection(SolutionProperties) = preSolution
		HideSolutionNode = FALSE
	EndGlobalSection
EndGlobal
